
Microsoft Visual Studio Solution File, Format Version 12.00
# Visual Studio 14
VisualStudioVersion = 14.0.25420.1
MinimumVisualStudioVersion = 10.0.40219.1
Project("{FAE04EC0-301F-11D3-BF4B-00C04F79EFBC}") = "PracticeIntegerNumbers", "DataTypesAndVariables\PracticeIntegerNumbers.csproj", "{F7E9064B-6EC4-431B-9C5B-2EAD8B6138FE}"
EndProject
Project("{FAE04EC0-301F-11D3-BF4B-00C04F79EFBC}") = "PracticeFloatingPointNumbers", "PracticeFloatingPointNumbers\PracticeFloatingPointNumbers.csproj", "{27823802-1D4C-4064-9428-5D9B9AF11001}"
EndProject
Project("{FAE04EC0-301F-11D3-BF4B-00C04F79EFBC}") = "ExchangeNumbers", "ExchangeNumbers\ExchangeNumbers.csproj", "{C6DE9326-3E2B-4D4B-B870-1245F65DCBFC}"
EndProject
Project("{FAE04EC0-301F-11D3-BF4B-00C04F79EFBC}") = "CheckNumbers", "CheckNumbers\CheckNumbers.csproj", "{8B9C8C79-0FBF-4AD9-90AC-5204FAFC7DC4}"
EndProject
Project("{FAE04EC0-301F-11D3-BF4B-00C04F79EFBC}") = "DistanceOfTheStars", "DistanceOfTheStars\DistanceOfTheStars.csproj", "{EE96BAEB-85CA-40A1-B4E0-991CD7AF871B}"
EndProject
Project("{FAE04EC0-301F-11D3-BF4B-00C04F79EFBC}") = "IncrementVariable", "IncrementVariable\IncrementVariable.csproj", "{2AADDB3E-0086-4C98-9DFD-1C03595CC75F}"
EndProject
Project("{FAE04EC0-301F-11D3-BF4B-00C04F79EFBC}") = "TerabitesToBites", "TerabitesToBites\TerabitesToBites.csproj", "{0B720F08-54DB-4829-B1D9-EF53AA68827B}"
EndProject
Project("{FAE04EC0-301F-11D3-BF4B-00C04F79EFBC}") = "TravelingAtLightSpeed", "TravelingAtLightSpeed\TravelingAtLightSpeed.csproj", "{03B1DFB6-36D3-4073-B5F6-EE4FEC316014}"
EndProject
Global
	GlobalSection(SolutionConfigurationPlatforms) = preSolution
		Debug|Any CPU = Debug|Any CPU
		Release|Any CPU = Release|Any CPU
	EndGlobalSection
	GlobalSection(ProjectConfigurationPlatforms) = postSolution
		{F7E9064B-6EC4-431B-9C5B-2EAD8B6138FE}.Debug|Any CPU.ActiveCfg = Debug|Any CPU
		{F7E9064B-6EC4-431B-9C5B-2EAD8B6138FE}.Debug|Any CPU.Build.0 = Debug|Any CPU
		{F7E9064B-6EC4-431B-9C5B-2EAD8B6138FE}.Release|Any CPU.ActiveCfg = Release|Any CPU
		{F7E9064B-6EC4-431B-9C5B-2EAD8B6138FE}.Release|Any CPU.Build.0 = Release|Any CPU
		{27823802-1D4C-4064-9428-5D9B9AF11001}.Debug|Any CPU.ActiveCfg = Debug|Any CPU
		{27823802-1D4C-4064-9428-5D9B9AF11001}.Debug|Any CPU.Build.0 = Debug|Any CPU
		{27823802-1D4C-4064-9428-5D9B9AF11001}.Release|Any CPU.ActiveCfg = Release|Any CPU
		{27823802-1D4C-4064-9428-5D9B9AF11001}.Release|Any CPU.Build.0 = Release|Any CPU
		{C6DE9326-3E2B-4D4B-B870-1245F65DCBFC}.Debug|Any CPU.ActiveCfg = Debug|Any CPU
		{C6DE9326-3E2B-4D4B-B870-1245F65DCBFC}.Debug|Any CPU.Build.0 = Debug|Any CPU
		{C6DE9326-3E2B-4D4B-B870-1245F65DCBFC}.Release|Any CPU.ActiveCfg = Release|Any CPU
		{C6DE9326-3E2B-4D4B-B870-1245F65DCBFC}.Release|Any CPU.Build.0 = Release|Any CPU
		{8B9C8C79-0FBF-4AD9-90AC-5204FAFC7DC4}.Debug|Any CPU.ActiveCfg = Debug|Any CPU
		{8B9C8C79-0FBF-4AD9-90AC-5204FAFC7DC4}.Debug|Any CPU.Build.0 = Debug|Any CPU
		{8B9C8C79-0FBF-4AD9-90AC-5204FAFC7DC4}.Release|Any CPU.ActiveCfg = Release|Any CPU
		{8B9C8C79-0FBF-4AD9-90AC-5204FAFC7DC4}.Release|Any CPU.Build.0 = Release|Any CPU
		{EE96BAEB-85CA-40A1-B4E0-991CD7AF871B}.Debug|Any CPU.ActiveCfg = Debug|Any CPU
		{EE96BAEB-85CA-40A1-B4E0-991CD7AF871B}.Debug|Any CPU.Build.0 = Debug|Any CPU
		{EE96BAEB-85CA-40A1-B4E0-991CD7AF871B}.Release|Any CPU.ActiveCfg = Release|Any CPU
		{EE96BAEB-85CA-40A1-B4E0-991CD7AF871B}.Release|Any CPU.Build.0 = Release|Any CPU
		{2AADDB3E-0086-4C98-9DFD-1C03595CC75F}.Debug|Any CPU.ActiveCfg = Debug|Any CPU
		{2AADDB3E-0086-4C98-9DFD-1C03595CC75F}.Debug|Any CPU.Build.0 = Debug|Any CPU
		{2AADDB3E-0086-4C98-9DFD-1C03595CC75F}.Release|Any CPU.ActiveCfg = Release|Any CPU
		{2AADDB3E-0086-4C98-9DFD-1C03595CC75F}.Release|Any CPU.Build.0 = Release|Any CPU
		{0B720F08-54DB-4829-B1D9-EF53AA68827B}.Debug|Any CPU.ActiveCfg = Debug|Any CPU
		{0B720F08-54DB-4829-B1D9-EF53AA68827B}.Debug|Any CPU.Build.0 = Debug|Any CPU
		{0B720F08-54DB-4829-B1D9-EF53AA68827B}.Release|Any CPU.ActiveCfg = Release|Any CPU
		{0B720F08-54DB-4829-B1D9-EF53AA68827B}.Release|Any CPU.Build.0 = Release|Any CPU
		{03B1DFB6-36D3-4073-B5F6-EE4FEC316014}.Debug|Any CPU.ActiveCfg = Debug|Any CPU
		{03B1DFB6-36D3-4073-B5F6-EE4FEC316014}.Debug|Any CPU.Build.0 = Debug|Any CPU
		{03B1DFB6-36D3-4073-B5F6-EE4FEC316014}.Release|Any CPU.ActiveCfg = Release|Any CPU
		{03B1DFB6-36D3-4073-B5F6-EE4FEC316014}.Release|Any CPU.Build.0 = Release|Any CPU
	EndGlobalSection
	GlobalSection(SolutionProperties) = preSolution
		HideSolutionNode = FALSE
	EndGlobalSection
EndGlobal
